// !$*UTF8*$!
{
	archiveVersion = 1;
	classes = {
	};
	objectVersion = 46;
	objects = {

/* Begin PBXBuildFile section */
		2CE7382B05CFC55F35477621 /* main.m in Sources */ = {isa = PBXBuildFile; fileRef = 2CE730453734C99362FB8691 /* main.m */; };
		2CE73D20A684863F29165AED /* Carbon.framework in Frameworks */ = {isa = PBXBuildFile; fileRef = 2CE731DB3297D2D02B85BF5C /* Carbon.framework */; };
/* End PBXBuildFile section */

/* Begin PBXCopyFilesBuildPhase section */
		2CE73C877512802B83EFCA31 /* CopyFiles */ = {
			isa = PBXCopyFilesBuildPhase;
			buildActionMask = 2147483647;
			dstPath = /usr/share/man/man1/;
			dstSubfolderSpec = 0;
			files = (
			);
			runOnlyForDeploymentPostprocessing = 1;
		};
/* End PBXCopyFilesBuildPhase section */

/* Begin PBXFileReference section */
		2CE730453734C99362FB8691 /* main.m */ = {isa = PBXFileReference; lastKnownFileType = sourcecode.c.objc; path = main.m; sourceTree = "<group>"; };
		2CE731DB3297D2D02B85BF5C /* Carbon.framework */ = {isa = PBXFileReference; lastKnownFileType = wrapper.framework; name = Carbon.framework; path = System/Library/Frameworks/Carbon.framework; sourceTree = SDKROOT; };
		2CE7376B8E32309344736BD3 /* KeyboardSwitcher */ = {isa = PBXFileReference; explicitFileType = "compiled.mach-o.executable"; includeInIndex = 0; path = KeyboardSwitcher; sourceTree = BUILT_PRODUCTS_DIR; };
/* End PBXFileReference section */

/* Begin PBXFrameworksBuildPhase section */
		2CE73761B48D788B894C2C99 /* Frameworks */ = {
			isa = PBXFrameworksBuildPhase;
			buildActionMask = 2147483647;
			files = (
				2CE73D20A684863F29165AED /* Carbon.framework in Frameworks */,
			);
			runOnlyForDeploymentPostprocessing = 0;
		};
/* End PBXFrameworksBuildPhase section */

/* Begin PBXGroup section */
		2CE7303BF337F4FFFD884600 /* KeyboardSwitcher */ = {
			isa = PBXGroup;
			children = (
				2CE730453734C99362FB8691 /* main.m */,
			);
			path = KeyboardSwitcher;
			sourceTree = "<group>";
		};
		2CE73D3B4BE4181D7B0DCDF3 = {
			isa = PBXGroup;
			children = (
				2CE73E9EE40A26CEDA202ABF /* Products */,
				2CE7303BF337F4FFFD884600 /* KeyboardSwitcher */,
				2CE73FD4BA5A03E4D263A959 /* Frameworks */,
			);
			sourceTree = "<group>";
		};
		2CE73E9EE40A26CEDA202ABF /* Products */ = {
			isa = PBXGroup;
			children = (
				2CE7376B8E32309344736BD3 /* KeyboardSwitcher */,
			);
			name = Products;
			sourceTree = "<group>";
		};
		2CE73FD4BA5A03E4D263A959 /* Frameworks */ = {
			isa = PBXGroup;
			children = (
				2CE731DB3297D2D02B85BF5C /* Carbon.framework */,
			);
			name = Frameworks;
			sourceTree = "<group>";
		};
/* End PBXGroup section */

/* Begin PBXNativeTarget section */
		2CE73A91DB3021A2D11DD5A8 /* KeyboardSwitcher */ = {
			isa = PBXNativeTarget;
			buildConfigurationList = 2CE73F658A1DDCA4B6E318E1 /* Build configuration list for PBXNativeTarget "KeyboardSwitcher" */;
			buildPhases = (
				2CE73DCA229D97FA24B8CB81 /* Sources */,
				2CE73761B48D788B894C2C99 /* Frameworks */,
				2CE73C877512802B83EFCA31 /* CopyFiles */,
			);
			buildRules = (
			);
			dependencies = (
			);
			name = KeyboardSwitcher;
			productName = KeyboardSwitcher;
			productReference = 2CE7376B8E32309344736BD3 /* KeyboardSwitcher */;
			productType = "com.apple.product-type.tool";
		};
/* End PBXNativeTarget section */

/* Begin PBXProject section */
		2CE73267CE47EDA6BFE5A959 /* Project object */ = {
			isa = PBXProject;
			attributes = {
				ORGANIZATIONNAME = Bimawa;
			};
			buildConfigurationList = 2CE7341B9BEE2F53D9F5C0F1 /* Build configuration list for PBXProject "KeyboardSwitcher" */;
			compatibilityVersion = "Xcode 3.2";
			developmentRegion = English;
			hasScannedForEncodings = 0;
			knownRegions = (
				en,
			);
			mainGroup = 2CE73D3B4BE4181D7B0DCDF3;
			productRefGroup = 2CE73E9EE40A26CEDA202ABF /* Products */;
			projectDirPath = "";
			projectRoot = "";
			targets = (
				2CE73A91DB3021A2D11DD5A8 /* KeyboardSwitcher */,
			);
		};
/* End PBXProject section */

/* Begin PBXSourcesBuildPhase section */
		2CE73DCA229D97FA24B8CB81 /* Sources */ = {
			isa = PBXSourcesBuildPhase;
			buildActionMask = 2147483647;
			files = (
				2CE7382B05CFC55F35477621 /* main.m in Sources */,
			);
			runOnlyForDeploymentPostprocessing = 0;
		};
/* End PBXSourcesBuildPhase section */

/* Begin XCBuildConfiguration section */
		2CE7304E017088E097CE3E0D /* Release */ = {
			isa = XCBuildConfiguration;
			buildSettings = {
				PRODUCT_NAME = "$(TARGET_NAME)";
			};
			name = Release;
		};
		2CE7317B0E485F208DED50B3 /* Debug */ = {
			isa = XCBuildConfiguration;
			buildSettings = {
				ALWAYS_SEARCH_USER_PATHS = NO;
				CLANG_CXX_LANGUAGE_STANDARD = "gnu++0x";
				CLANG_CXX_LIBRARY = "libc++";
				CLANG_ENABLE_MODULES = YES;
				CLANG_ENABLE_OBJC_ARC = YES;
				CLANG_WARN_BOOL_CONVERSION = YES;
				CLANG_WARN_CONSTANT_CONVERSION = YES;
				CLANG_WARN_DIRECT_OBJC_ISA_USAGE = YES_ERROR;
				CLANG_WARN_EMPTY_BODY = YES;
				CLANG_WARN_ENUM_CONVERSION = YES;
				CLANG_WARN_INT_CONVERSION = YES;
				CLANG_WARN_OBJC_ROOT_CLASS = YES_ERROR;
				CLANG_WARN_UNREACHABLE_CODE = YES;
				CLANG_WARN__DUPLICATE_METHOD_MATCH = YES;
				COPY_PHASE_STRIP = NO;
				ENABLE_STRICT_OBJC_MSGSEND = YES;
				GCC_C_LANGUAGE_STANDARD = gnu99;
				GCC_DYNAMIC_NO_PIC = NO;
				GCC_OPTIMIZATION_LEVEL = 0;
				GCC_PREPROCESSOR_DEFINITIONS = (
					"DEBUG=1",
					"$(inherited)",
				);
				GCC_SYMBOLS_PRIVATE_EXTERN = NO;
				GCC_WARN_64_TO_32_BIT_CONVERSION = YES;
				GCC_WARN_ABOUT_RETURN_TYPE = YES_ERROR;
				GCC_WARN_UNDECLARED_SELECTOR = YES;
				GCC_WARN_UNINITIALIZED_AUTOS = YES_AGGRESSIVE;
				GCC_WARN_UNUSED_FUNCTION = YES;
				GCC_WARN_UNUSED_VARIABLE = YES;
				MACOSX_DEPLOYMENT_TARGET = 10.9;
				METAL_ENABLE_DEBUG_INFO = YES;
				ONLY_ACTIVE_ARCH = YES;
				SDKROOT = macosx;
			};
			name = Debug;
		};
		2CE731D3CEB555A64FAADE26 /* Release */ = {
			isa = XCBuildConfiguration;
			buildSettings = {
				ALWAYS_SEARCH_USER_PATHS = NO;
				CLANG_CXX_LANGUAGE_STANDARD = "gnu++0x";
				CLANG_CXX_LIBRARY = "libc++";
				CLANG_ENABLE_MODULES = YES;
				CLANG_ENABLE_OBJC_ARC = YES;
				CLANG_WARN_BOOL_CONVERSION = YES;
				CLANG_WARN_CONSTANT_CONVERSION = YES;
				CLANG_WARN_DIRECT_OBJC_ISA_USAGE = YES_ERROR;
				CLANG_WARN_EMPTY_BODY = YES;
				CLANG_WARN_ENUM_CONVERSION = YES;
				CLANG_WARN_INT_CONVERSION = YES;
				CLANG_WARN_OBJC_ROOT_CLASS = YES_ERROR;
				CLANG_WARN_UNREACHABLE_CODE = YES;
				CLANG_WARN__DUPLICATE_METHOD_MATCH = YES;
				COPY_PHASE_STRIP = YES;
				DEBUG_INFORMATION_FORMAT = "dwarf-with-dsym";
				ENABLE_NS_ASSERTIONS = NO;
				ENABLE_STRICT_OBJC_MSGSEND = YES;
				GCC_C_LANGUAGE_STANDARD = gnu99;
				GCC_WARN_64_TO_32_BIT_CONVERSION = YES;
				GCC_WARN_ABOUT_RETURN_TYPE = YES_ERROR;
				GCC_WARN_UNDECLARED_SELECTOR = YES;
				GCC_WARN_UNINITIALIZED_AUTOS = YES_AGGRESSIVE;
				GCC_WARN_UNUSED_FUNCTION = YES;
				GCC_WARN_UNUSED_VARIABLE = YES;
				MACOSX_DEPLOYMENT_TARGET = 10.9;
				METAL_ENABLE_DEBUG_INFO = NO;
				SDKROOT = macosx;
			};
			name = Release;
		};
		2CE738DCA7E80119827EF36E /* Debug */ = {
			isa = XCBuildConfiguration;
			buildSettings = {
				PRODUCT_NAME = "$(TARGET_NAME)";
			};
			name = Debug;
		};
/* End XCBuildConfiguration section */

/* Begin XCConfigurationList section */
		2CE7341B9BEE2F53D9F5C0F1 /* Build configuration list for PBXProject "KeyboardSwitcher" */ = {
			isa = XCConfigurationList;
			buildConfigurations = (
				2CE7317B0E485F208DED50B3 /* Debug */,
				2CE731D3CEB555A64FAADE26 /* Release */,
			);
			defaultConfigurationIsVisible = 0;
			defaultConfigurationName = Release;
		};
		2CE73F658A1DDCA4B6E318E1 /* Build configuration list for PBXNativeTarget "KeyboardSwitcher" */ = {
			isa = XCConfigurationList;
			buildConfigurations = (
				2CE738DCA7E80119827EF36E /* Debug */,
				2CE7304E017088E097CE3E0D /* Release */,
			);
			defaultConfigurationIsVisible = 0;
		};
/* End XCConfigurationList section */
	};
	rootObject = 2CE73267CE47EDA6BFE5A959 /* Project object */;
}
