<?xml version="1.0" encoding="UTF-8"?>
<Scheme
   version = "1.3">
   <BuildAction>
      <BuildActionEntries>
         <BuildActionEntry
            buildForRunning = "YES">
            <BuildableReference
               BuildableIdentifier = "primary"
               BlueprintIdentifier = "2CE73A91DB3021A2D11DD5A8"
               BuildableName = "KeyboardSwitcher"
               BlueprintName = "KeyboardSwitcher"
               ReferencedContainer = "container:KeyboardSwitcher.xcodeproj">
            </BuildableReference>
         </BuildActionEntry>
      </BuildActionEntries>
   </BuildAction>
   <LaunchAction
      useCustomWorkingDirectory = "NO"
      buildConfiguration = "Debug">
      <BuildableProductRunnable>
         <BuildableReference
            BuildableIdentifier = "primary"
            BlueprintIdentifier = "2CE73A91DB3021A2D11DD5A8"
            BuildableName = "KeyboardSwitcher"
            BlueprintName = "KeyboardSwitcher"
            ReferencedContainer = "container:KeyboardSwitcher.xcodeproj">
         </BuildableReference>
      </BuildableProductRunnable>
      <CommandLineArguments>
         <CommandLineArgument
            argument = "Russian"
            isEnabled = "YES">
         </CommandLineArgument>
      </CommandLineArguments>
   </LaunchAction>
</Scheme>
